<?xml version="1.0" encoding="utf-8"?>
<Project ToolsVersion="4.0" xmlns="http://schemas.microsoft.com/developer/msbuild/2003">
  <ItemGroup>
    <Filter Include="Source Files">
      <UniqueIdentifier>{4FC737F1-C7A5-4376-A066-2A32D752A2FF}</UniqueIdentifier>
      <Extensions>cpp;c;cc;cxx;def;odl;idl;hpj;bat;asm;asmx</Extensions>
    </Filter>
    <Filter Include="Header Files">
      <UniqueIdentifier>{93995380-89BD-4b04-88EB-625FBE52EBFB}</UniqueIdentifier>
      <Extensions>h;hpp;hxx;hm;inl;inc;xsd</Extensions>
    </Filter>
    <Filter Include="Resource Files">
      <UniqueIdentifier>{67DA6AB6-F800-4c08-8B7A-83BB121AAD01}</UniqueIdentifier>
      <Extensions>rc;ico;cur;bmp;dlg;rc2;rct;bin;rgs;gif;jpg;jpeg;jpe;resx;tiff;tif;png;wav;mfcribbon-ms</Extensions>
    </Filter>
  </ItemGroup>
  <ItemGroup>
    <ClInclude Include="..\..\..\..\..\Downloads\cse484project\flann\source code\flann-1.1-win32\src\cpp\algorithms\CompositeTree.h">
      <Filter>Header Files</Filter>
    </ClInclude>
    <ClInclude Include="..\..\..\..\..\Downloads\cse484project\flann\source code\flann-1.1-win32\src\cpp\algorithms\dist.h">
      <Filter>Header Files</Filter>
    </ClInclude>
    <ClInclude Include="..\..\..\..\..\Downloads\cse484project\flann\source code\flann-1.1-win32\src\cpp\algorithms\KDTree.h">
      <Filter>Header Files</Filter>
    </ClInclude>
    <ClInclude Include="..\..\..\..\..\Downloads\cse484project\flann\source code\flann-1.1-win32\src\cpp\algorithms\KMeansTree.h">
      <Filter>Header Files</Filter>
    </ClInclude>
    <ClInclude Include="..\..\..\..\..\Downloads\cse484project\flann\source code\flann-1.1-win32\src\cpp\algorithms\LinearSearch.h">
      <Filter>Header Files</Filter>
    </ClInclude>
    <ClInclude Include="..\..\..\..\..\Downloads\cse484project\flann\source code\flann-1.1-win32\src\cpp\algorithms\NNIndex.h">
      <Filter>Header Files</Filter>
    </ClInclude>
    <ClInclude Include="..\..\..\..\..\Downloads\cse484project\flann\source code\flann-1.1-win32\src\cpp\nn\Autotune.h">
      <Filter>Header Files</Filter>
    </ClInclude>
    <ClInclude Include="..\..\..\..\..\Downloads\cse484project\flann\source code\flann-1.1-win32\src\cpp\nn\ground_truth.h">
      <Filter>Header Files</Filter>
    </ClInclude>
    <ClInclude Include="..\..\..\..\..\Downloads\cse484project\flann\source code\flann-1.1-win32\src\cpp\nn\simplex_downhill.h">
      <Filter>Header Files</Filter>
    </ClInclude>
    <ClInclude Include="..\..\..\..\..\Downloads\cse484project\flann\source code\flann-1.1-win32\src\cpp\nn\Testing.h">
      <Filter>Header Files</Filter>
    </ClInclude>
    <ClInclude Include="..\..\..\..\..\Downloads\cse484project\flann\source code\flann-1.1-win32\src\cpp\util\Allocator.h">
      <Filter>Header Files</Filter>
    </ClInclude>
    <ClInclude Include="..\..\..\..\..\Downloads\cse484project\flann\source code\flann-1.1-win32\src\cpp\util\common.h">
      <Filter>Header Files</Filter>
    </ClInclude>
    <ClInclude Include="..\..\..\..\..\Downloads\cse484project\flann\source code\flann-1.1-win32\src\cpp\util\Dataset.h">
      <Filter>Header Files</Filter>
    </ClInclude>
    <ClInclude Include="..\..\..\..\..\Downloads\cse484project\flann\source code\flann-1.1-win32\src\cpp\util\Heap.h">
      <Filter>Header Files</Filter>
    </ClInclude>
    <ClInclude Include="..\..\..\..\..\Downloads\cse484project\flann\source code\flann-1.1-win32\src\cpp\util\Logger.h">
      <Filter>Header Files</Filter>
    </ClInclude>
    <ClInclude Include="..\..\..\..\..\Downloads\cse484project\flann\source code\flann-1.1-win32\src\cpp\util\Random.h">
      <Filter>Header Files</Filter>
    </ClInclude>
    <ClInclude Include="..\..\..\..\..\Downloads\cse484project\flann\source code\flann-1.1-win32\src\cpp\util\ResultSet.h">
      <Filter>Header Files</Filter>
    </ClInclude>
    <ClInclude Include="..\..\..\..\..\Downloads\cse484project\flann\source code\flann-1.1-win32\src\cpp\util\Timer.h">
      <Filter>Header Files</Filter>
    </ClInclude>
    <ClInclude Include="..\..\..\..\..\Downloads\cse484project\flann\source code\flann-1.1-win32\src\cpp\util\Variant.h">
      <Filter>Header Files</Filter>
    </ClInclude>
    <ClInclude Include="..\..\..\..\..\Downloads\cse484project\flann\source code\flann-1.1-win32\src\cpp\constants.h">
      <Filter>Header Files</Filter>
    </ClInclude>
    <ClInclude Include="..\..\..\..\..\Downloads\cse484project\flann\source code\flann-1.1-win32\src\cpp\flann.h">
      <Filter>Header Files</Filter>
    </ClInclude>
  </ItemGroup>
  <ItemGroup>
    <ClCompile Include="..\..\..\..\..\Downloads\cse484project\flann\source code\flann-1.1-win32\src\cpp\algorithms\NNIndex.cpp">
      <Filter>Source Files</Filter>
    </ClCompile>
    <ClCompile Include="..\..\..\..\..\Downloads\cse484project\flann\source code\flann-1.1-win32\src\cpp\nn\Testing.cpp">
      <Filter>Source Files</Filter>
    </ClCompile>
    <ClCompile Include="..\..\..\..\..\Downloads\cse484project\flann\source code\flann-1.1-win32\src\cpp\tests\flann_test.cc">
      <Filter>Source Files</Filter>
    </ClCompile>
    <ClCompile Include="..\..\..\..\..\Downloads\cse484project\flann\source code\flann-1.1-win32\src\cpp\util\Logger.cpp">
      <Filter>Source Files</Filter>
    </ClCompile>
    <ClCompile Include="..\..\..\..\..\Downloads\cse484project\flann\source code\flann-1.1-win32\src\cpp\util\Random.cpp">
      <Filter>Source Files</Filter>
    </ClCompile>
    <ClCompile Include="..\..\..\..\..\Downloads\cse484project\flann\source code\flann-1.1-win32\src\cpp\flann.cpp">
      <Filter>Source Files</Filter>
    </ClCompile>
  </ItemGroup>
  <ItemGroup>
    <Text Include="..\..\..\..\..\Downloads\cse484project\flann\source code\flann-1.1-win32\src\cpp\CMakeLists.txt" />
  </ItemGroup>
</Project>